
Microsoft Visual Studio Solution File, Format Version 12.00
# Visual Studio 15
VisualStudioVersion = 15.0.28010.2041
MinimumVisualStudioVersion = 10.0.40219.1
Project("{FAE04EC0-301F-11D3-BF4B-00C04F79EFBC}") = "TP-PW", "TP-PW\TP-PW.csproj", "{D80A9A68-C1EB-487D-995B-71ED3D2E9C52}"
EndProject
Global
	GlobalSection(SolutionConfigurationPlatforms) = preSolution
		Debug|Any CPU = Debug|Any CPU
		Release|Any CPU = Release|Any CPU
	EndGlobalSection
	GlobalSection(ProjectConfigurationPlatforms) = postSolution
		{D80A9A68-C1EB-487D-995B-71ED3D2E9C52}.Debug|Any CPU.ActiveCfg = Debug|Any CPU
		{D80A9A68-C1EB-487D-995B-71ED3D2E9C52}.Debug|Any CPU.Build.0 = Debug|Any CPU
		{D80A9A68-C1EB-487D-995B-71ED3D2E9C52}.Release|Any CPU.ActiveCfg = Release|Any CPU
		{D80A9A68-C1EB-487D-995B-71ED3D2E9C52}.Release|Any CPU.Build.0 = Release|Any CPU
	EndGlobalSection
	GlobalSection(SolutionProperties) = preSolution
		HideSolutionNode = FALSE
	EndGlobalSection
	GlobalSection(ExtensibilityGlobals) = postSolution
		SolutionGuid = {903165E4-E101-465B-8520-832A6C241032}
	EndGlobalSection
EndGlobal
